
Microsoft Visual Studio Solution File, Format Version 12.00
# Visual Studio 15
VisualStudioVersion = 15.0.28010.2046
MinimumVisualStudioVersion = 10.0.40219.1
Project("{FAE04EC0-301F-11D3-BF4B-00C04F79EFBC}") = "Task1", "Task1\Task1.csproj", "{C3DEBA21-87D6-4727-B6C3-AF8542912663}"
EndProject
Project("{FAE04EC0-301F-11D3-BF4B-00C04F79EFBC}") = "Task2", "Task2\Task2.csproj", "{FDC55648-AAC4-4E43-ADF1-B220F5CD626B}"
EndProject
Global
	GlobalSection(SolutionConfigurationPlatforms) = preSolution
		Debug|Any CPU = Debug|Any CPU
		Release|Any CPU = Release|Any CPU
	EndGlobalSection
	GlobalSection(ProjectConfigurationPlatforms) = postSolution
		{C3DEBA21-87D6-4727-B6C3-AF8542912663}.Debug|Any CPU.ActiveCfg = Debug|Any CPU
		{C3DEBA21-87D6-4727-B6C3-AF8542912663}.Debug|Any CPU.Build.0 = Debug|Any CPU
		{C3DEBA21-87D6-4727-B6C3-AF8542912663}.Release|Any CPU.ActiveCfg = Release|Any CPU
		{C3DEBA21-87D6-4727-B6C3-AF8542912663}.Release|Any CPU.Build.0 = Release|Any CPU
		{FDC55648-AAC4-4E43-ADF1-B220F5CD626B}.Debug|Any CPU.ActiveCfg = Debug|Any CPU
		{FDC55648-AAC4-4E43-ADF1-B220F5CD626B}.Debug|Any CPU.Build.0 = Debug|Any CPU
		{FDC55648-AAC4-4E43-ADF1-B220F5CD626B}.Release|Any CPU.ActiveCfg = Release|Any CPU
		{FDC55648-AAC4-4E43-ADF1-B220F5CD626B}.Release|Any CPU.Build.0 = Release|Any CPU
	EndGlobalSection
	GlobalSection(SolutionProperties) = preSolution
		HideSolutionNode = FALSE
	EndGlobalSection
	GlobalSection(ExtensibilityGlobals) = postSolution
		SolutionGuid = {8F68A678-967C-452E-9C8B-243B06567FC8}
	EndGlobalSection
EndGlobal
